
Microsoft Visual Studio Solution File, Format Version 12.00
# Visual Studio Version 16
VisualStudioVersion = 16.0.35325.158
MinimumVisualStudioVersion = 10.0.40219.1
Project("{FAE04EC0-301F-11D3-BF4B-00C04F79EFBC}") = "ProjectLoremipsu", "ProjectLoremipsu.csproj", "{F8B7DF14-1C19-4046-89DD-EB791529EB86}"
EndProject
Global
	GlobalSection(SolutionConfigurationPlatforms) = preSolution
		Debug|Any CPU = Debug|Any CPU
		Release|Any CPU = Release|Any CPU
	EndGlobalSection
	GlobalSection(ProjectConfigurationPlatforms) = postSolution
		{F8B7DF14-1C19-4046-89DD-EB791529EB86}.Debug|Any CPU.ActiveCfg = Debug|Any CPU
		{F8B7DF14-1C19-4046-89DD-EB791529EB86}.Debug|Any CPU.Build.0 = Debug|Any CPU
		{F8B7DF14-1C19-4046-89DD-EB791529EB86}.Release|Any CPU.ActiveCfg = Release|Any CPU
		{F8B7DF14-1C19-4046-89DD-EB791529EB86}.Release|Any CPU.Build.0 = Release|Any CPU
	EndGlobalSection
	GlobalSection(SolutionProperties) = preSolution
		HideSolutionNode = FALSE
	EndGlobalSection
	GlobalSection(ExtensibilityGlobals) = postSolution
		SolutionGuid = {3580CCD8-5556-4DB4-814A-414DB2829717}
	EndGlobalSection
EndGlobal
